
Microsoft Visual Studio Solution File, Format Version 12.00
# Visual Studio Version 16
VisualStudioVersion = 16.0.30114.105
MinimumVisualStudioVersion = 10.0.40219.1
Project("{FAE04EC0-301F-11D3-BF4B-00C04F79EFBC}") = "R5T.Palembang.Base", "R5T.Palembang.Base\R5T.Palembang.Base.csproj", "{79FDB412-58B1-4ADB-9662-690D988282F0}"
EndProject
Project("{FAE04EC0-301F-11D3-BF4B-00C04F79EFBC}") = "R5T.Palembang.Base.Construction", "R5T.Palembang.Base.Construction\R5T.Palembang.Base.Construction.csproj", "{3DE456AB-DC90-42A4-817D-51BDC1D102BE}"
EndProject
Global
	GlobalSection(SolutionConfigurationPlatforms) = preSolution
		Debug|Any CPU = Debug|Any CPU
		Debug|x64 = Debug|x64
		Debug|x86 = Debug|x86
		Release|Any CPU = Release|Any CPU
		Release|x64 = Release|x64
		Release|x86 = Release|x86
	EndGlobalSection
	GlobalSection(SolutionProperties) = preSolution
		HideSolutionNode = FALSE
	EndGlobalSection
	GlobalSection(ProjectConfigurationPlatforms) = postSolution
		{79FDB412-58B1-4ADB-9662-690D988282F0}.Debug|Any CPU.ActiveCfg = Debug|Any CPU
		{79FDB412-58B1-4ADB-9662-690D988282F0}.Debug|Any CPU.Build.0 = Debug|Any CPU
		{79FDB412-58B1-4ADB-9662-690D988282F0}.Debug|x64.ActiveCfg = Debug|Any CPU
		{79FDB412-58B1-4ADB-9662-690D988282F0}.Debug|x64.Build.0 = Debug|Any CPU
		{79FDB412-58B1-4ADB-9662-690D988282F0}.Debug|x86.ActiveCfg = Debug|Any CPU
		{79FDB412-58B1-4ADB-9662-690D988282F0}.Debug|x86.Build.0 = Debug|Any CPU
		{79FDB412-58B1-4ADB-9662-690D988282F0}.Release|Any CPU.ActiveCfg = Release|Any CPU
		{79FDB412-58B1-4ADB-9662-690D988282F0}.Release|Any CPU.Build.0 = Release|Any CPU
		{79FDB412-58B1-4ADB-9662-690D988282F0}.Release|x64.ActiveCfg = Release|Any CPU
		{79FDB412-58B1-4ADB-9662-690D988282F0}.Release|x64.Build.0 = Release|Any CPU
		{79FDB412-58B1-4ADB-9662-690D988282F0}.Release|x86.ActiveCfg = Release|Any CPU
		{79FDB412-58B1-4ADB-9662-690D988282F0}.Release|x86.Build.0 = Release|Any CPU
		{3DE456AB-DC90-42A4-817D-51BDC1D102BE}.Debug|Any CPU.ActiveCfg = Debug|Any CPU
		{3DE456AB-DC90-42A4-817D-51BDC1D102BE}.Debug|Any CPU.Build.0 = Debug|Any CPU
		{3DE456AB-DC90-42A4-817D-51BDC1D102BE}.Debug|x64.ActiveCfg = Debug|Any CPU
		{3DE456AB-DC90-42A4-817D-51BDC1D102BE}.Debug|x64.Build.0 = Debug|Any CPU
		{3DE456AB-DC90-42A4-817D-51BDC1D102BE}.Debug|x86.ActiveCfg = Debug|Any CPU
		{3DE456AB-DC90-42A4-817D-51BDC1D102BE}.Debug|x86.Build.0 = Debug|Any CPU
		{3DE456AB-DC90-42A4-817D-51BDC1D102BE}.Release|Any CPU.ActiveCfg = Release|Any CPU
		{3DE456AB-DC90-42A4-817D-51BDC1D102BE}.Release|Any CPU.Build.0 = Release|Any CPU
		{3DE456AB-DC90-42A4-817D-51BDC1D102BE}.Release|x64.ActiveCfg = Release|Any CPU
		{3DE456AB-DC90-42A4-817D-51BDC1D102BE}.Release|x64.Build.0 = Release|Any CPU
		{3DE456AB-DC90-42A4-817D-51BDC1D102BE}.Release|x86.ActiveCfg = Release|Any CPU
		{3DE456AB-DC90-42A4-817D-51BDC1D102BE}.Release|x86.Build.0 = Release|Any CPU
	EndGlobalSection
EndGlobal
